// !$*UTF8*$!
{
	archiveVersion = 1;
	classes = {
	};
	objectVersion = 56;
	objects = {

/* Begin PBXBuildFile section */
		521B4A3A2AC5227100E372C4 /* map_2.scn in Resources */ = {isa = PBXBuildFile; fileRef = 521B4A392AC5227100E372C4 /* map_2.scn */; };
		521B4A3C2AC5235400E372C4 /* MapManager.swift in Sources */ = {isa = PBXBuildFile; fileRef = 521B4A3B2AC5235400E372C4 /* MapManager.swift */; };
		521B4A3E2AC5A10900E372C4 /* InGameButton.swift in Sources */ = {isa = PBXBuildFile; fileRef = 521B4A3D2AC5A10900E372C4 /* InGameButton.swift */; };
		521B4A422AC5AD8C00E372C4 /* ProfileModel.swift in Sources */ = {isa = PBXBuildFile; fileRef = 521B4A412AC5AD8C00E372C4 /* ProfileModel.swift */; };
		521B4A442AC5AE2400E372C4 /* ProfileImage.swift in Sources */ = {isa = PBXBuildFile; fileRef = 521B4A432AC5AE2400E372C4 /* ProfileImage.swift */; };
		521B4A462AC5AE7400E372C4 /* Profile.swift in Sources */ = {isa = PBXBuildFile; fileRef = 521B4A452AC5AE7400E372C4 /* Profile.swift */; };
		521B4A4E2AC6F9BC00E372C4 /* frame.jpg in Resources */ = {isa = PBXBuildFile; fileRef = 521B4A4D2AC6F9BC00E372C4 /* frame.jpg */; };
		521B4A502AC6F9CF00E372C4 /* frame_2.scn in Resources */ = {isa = PBXBuildFile; fileRef = 521B4A4F2AC6F9CF00E372C4 /* frame_2.scn */; };
		521B4A592AC6FF9E00E372C4 /* wall.scn in Resources */ = {isa = PBXBuildFile; fileRef = 521B4A582AC6FF9E00E372C4 /* wall.scn */; };
		521B4A5D2AC7037C00E372C4 /* images.jpeg in Resources */ = {isa = PBXBuildFile; fileRef = 521B4A5C2AC7037C00E372C4 /* images.jpeg */; };
		521B4A5F2AC7074900E372C4 /* concrete.jpg in Resources */ = {isa = PBXBuildFile; fileRef = 521B4A5E2AC7074900E372C4 /* concrete.jpg */; };
		521B4A612AC7086C00E372C4 /* checkers.png in Resources */ = {isa = PBXBuildFile; fileRef = 521B4A602AC7086C00E372C4 /* checkers.png */; };
		521B4A632AC7093400E372C4 /* roof.jpg in Resources */ = {isa = PBXBuildFile; fileRef = 521B4A622AC7093400E372C4 /* roof.jpg */; };
		521B4A652AC7097900E372C4 /* quart.dae in Resources */ = {isa = PBXBuildFile; fileRef = 521B4A642AC7097900E372C4 /* quart.dae */; };
		521B4A672AC709A000E372C4 /* quart.scn in Resources */ = {isa = PBXBuildFile; fileRef = 521B4A662AC709A000E372C4 /* quart.scn */; };
		521B4A692AC70D3300E372C4 /* Main.swift in Sources */ = {isa = PBXBuildFile; fileRef = 521B4A682AC70D3300E372C4 /* Main.swift */; };
		52D244FD2AC4706C008E4A42 /* Renderer.swift in Sources */ = {isa = PBXBuildFile; fileRef = 52D244FC2AC4706C008E4A42 /* Renderer.swift */; };
		52EC86072AC2F7A6005B55C1 /* GalleryApp.swift in Sources */ = {isa = PBXBuildFile; fileRef = 52EC86062AC2F7A6005B55C1 /* GalleryApp.swift */; };
		52EC86092AC2F7A6005B55C1 /* ContentView.swift in Sources */ = {isa = PBXBuildFile; fileRef = 52EC86082AC2F7A6005B55C1 /* ContentView.swift */; };
		52EC860B2AC2F7A7005B55C1 /* Assets.xcassets in Resources */ = {isa = PBXBuildFile; fileRef = 52EC860A2AC2F7A7005B55C1 /* Assets.xcassets */; };
		52EC860E2AC2F7A7005B55C1 /* Preview Assets.xcassets in Resources */ = {isa = PBXBuildFile; fileRef = 52EC860D2AC2F7A7005B55C1 /* Preview Assets.xcassets */; };
		52EC86182AC2F7A7005B55C1 /* GalleryTests.swift in Sources */ = {isa = PBXBuildFile; fileRef = 52EC86172AC2F7A7005B55C1 /* GalleryTests.swift */; };
		52EC86222AC2F7A7005B55C1 /* GalleryUITests.swift in Sources */ = {isa = PBXBuildFile; fileRef = 52EC86212AC2F7A7005B55C1 /* GalleryUITests.swift */; };
		52EC86242AC2F7A7005B55C1 /* GalleryUITestsLaunchTests.swift in Sources */ = {isa = PBXBuildFile; fileRef = 52EC86232AC2F7A7005B55C1 /* GalleryUITestsLaunchTests.swift */; };
		52EC86AF2AC3C638005B55C1 /* FPSController.swift in Sources */ = {isa = PBXBuildFile; fileRef = 52EC86AE2AC3C638005B55C1 /* FPSController.swift */; };
		52FFC2AE2AC7BD30003CB37F /* MapEditor.swift in Sources */ = {isa = PBXBuildFile; fileRef = 52FFC2AD2AC7BD30003CB37F /* MapEditor.swift */; };
/* End PBXBuildFile section */

/* Begin PBXContainerItemProxy section */
		52EC86142AC2F7A7005B55C1 /* PBXContainerItemProxy */ = {
			isa = PBXContainerItemProxy;
			containerPortal = 52EC85FB2AC2F7A6005B55C1 /* Project object */;
			proxyType = 1;
			remoteGlobalIDString = 52EC86022AC2F7A6005B55C1;
			remoteInfo = Gallery;
		};
		52EC861E2AC2F7A7005B55C1 /* PBXContainerItemProxy */ = {
			isa = PBXContainerItemProxy;
			containerPortal = 52EC85FB2AC2F7A6005B55C1 /* Project object */;
			proxyType = 1;
			remoteGlobalIDString = 52EC86022AC2F7A6005B55C1;
			remoteInfo = Gallery;
		};
/* End PBXContainerItemProxy section */

/* Begin PBXFileReference section */
		521B4A392AC5227100E372C4 /* map_2.scn */ = {isa = PBXFileReference; lastKnownFileType = file.bplist; path = map_2.scn; sourceTree = "<group>"; };
		521B4A3B2AC5235400E372C4 /* MapManager.swift */ = {isa = PBXFileReference; lastKnownFileType = sourcecode.swift; path = MapManager.swift; sourceTree = "<group>"; };
		521B4A3D2AC5A10900E372C4 /* InGameButton.swift */ = {isa = PBXFileReference; lastKnownFileType = sourcecode.swift; path = InGameButton.swift; sourceTree = "<group>"; };
		521B4A412AC5AD8C00E372C4 /* ProfileModel.swift */ = {isa = PBXFileReference; lastKnownFileType = sourcecode.swift; path = ProfileModel.swift; sourceTree = "<group>"; };
		521B4A432AC5AE2400E372C4 /* ProfileImage.swift */ = {isa = PBXFileReference; lastKnownFileType = sourcecode.swift; path = ProfileImage.swift; sourceTree = "<group>"; };
		521B4A452AC5AE7400E372C4 /* Profile.swift */ = {isa = PBXFileReference; lastKnownFileType = sourcecode.swift; path = Profile.swift; sourceTree = "<group>"; };
		521B4A4D2AC6F9BC00E372C4 /* frame.jpg */ = {isa = PBXFileReference; lastKnownFileType = image.jpeg; path = frame.jpg; sourceTree = "<group>"; };
		521B4A4F2AC6F9CF00E372C4 /* frame_2.scn */ = {isa = PBXFileReference; lastKnownFileType = file.bplist; path = frame_2.scn; sourceTree = "<group>"; };
		521B4A582AC6FF9E00E372C4 /* wall.scn */ = {isa = PBXFileReference; lastKnownFileType = file.bplist; name = wall.scn; path = ../../../../3DModels/wall.scn; sourceTree = "<group>"; };
		521B4A5C2AC7037C00E372C4 /* images.jpeg */ = {isa = PBXFileReference; lastKnownFileType = image.jpeg; path = images.jpeg; sourceTree = "<group>"; };
		521B4A5E2AC7074900E372C4 /* concrete.jpg */ = {isa = PBXFileReference; lastKnownFileType = image.jpeg; path = concrete.jpg; sourceTree = "<group>"; };
		521B4A602AC7086C00E372C4 /* checkers.png */ = {isa = PBXFileReference; lastKnownFileType = image.png; path = checkers.png; sourceTree = "<group>"; };
		521B4A622AC7093400E372C4 /* roof.jpg */ = {isa = PBXFileReference; lastKnownFileType = image.jpeg; path = roof.jpg; sourceTree = "<group>"; };
		521B4A642AC7097900E372C4 /* quart.dae */ = {isa = PBXFileReference; fileEncoding = 4; lastKnownFileType = text.xml.dae; path = quart.dae; sourceTree = "<group>"; };
		521B4A662AC709A000E372C4 /* quart.scn */ = {isa = PBXFileReference; lastKnownFileType = file.bplist; path = quart.scn; sourceTree = "<group>"; };
		521B4A682AC70D3300E372C4 /* Main.swift */ = {isa = PBXFileReference; lastKnownFileType = sourcecode.swift; path = Main.swift; sourceTree = "<group>"; };
		52D244FC2AC4706C008E4A42 /* Renderer.swift */ = {isa = PBXFileReference; lastKnownFileType = sourcecode.swift; path = Renderer.swift; sourceTree = "<group>"; };
		52EC86032AC2F7A6005B55C1 /* GalleryGame.app */ = {isa = PBXFileReference; explicitFileType = wrapper.application; includeInIndex = 0; path = GalleryGame.app; sourceTree = BUILT_PRODUCTS_DIR; };
		52EC86062AC2F7A6005B55C1 /* GalleryApp.swift */ = {isa = PBXFileReference; lastKnownFileType = sourcecode.swift; path = GalleryApp.swift; sourceTree = "<group>"; };
		52EC86082AC2F7A6005B55C1 /* ContentView.swift */ = {isa = PBXFileReference; lastKnownFileType = sourcecode.swift; path = ContentView.swift; sourceTree = "<group>"; };
		52EC860A2AC2F7A7005B55C1 /* Assets.xcassets */ = {isa = PBXFileReference; lastKnownFileType = folder.assetcatalog; path = Assets.xcassets; sourceTree = "<group>"; };
		52EC860D2AC2F7A7005B55C1 /* Preview Assets.xcassets */ = {isa = PBXFileReference; lastKnownFileType = folder.assetcatalog; path = "Preview Assets.xcassets"; sourceTree = "<group>"; };
		52EC86132AC2F7A7005B55C1 /* GalleryTests.xctest */ = {isa = PBXFileReference; explicitFileType = wrapper.cfbundle; includeInIndex = 0; path = GalleryTests.xctest; sourceTree = BUILT_PRODUCTS_DIR; };
		52EC86172AC2F7A7005B55C1 /* GalleryTests.swift */ = {isa = PBXFileReference; lastKnownFileType = sourcecode.swift; path = GalleryTests.swift; sourceTree = "<group>"; };
		52EC861D2AC2F7A7005B55C1 /* GalleryUITests.xctest */ = {isa = PBXFileReference; explicitFileType = wrapper.cfbundle; includeInIndex = 0; path = GalleryUITests.xctest; sourceTree = BUILT_PRODUCTS_DIR; };
		52EC86212AC2F7A7005B55C1 /* GalleryUITests.swift */ = {isa = PBXFileReference; lastKnownFileType = sourcecode.swift; path = GalleryUITests.swift; sourceTree = "<group>"; };
		52EC86232AC2F7A7005B55C1 /* GalleryUITestsLaunchTests.swift */ = {isa = PBXFileReference; lastKnownFileType = sourcecode.swift; path = GalleryUITestsLaunchTests.swift; sourceTree = "<group>"; };
		52EC86AE2AC3C638005B55C1 /* FPSController.swift */ = {isa = PBXFileReference; lastKnownFileType = sourcecode.swift; path = FPSController.swift; sourceTree = "<group>"; };
		52FFC2AD2AC7BD30003CB37F /* MapEditor.swift */ = {isa = PBXFileReference; lastKnownFileType = sourcecode.swift; path = MapEditor.swift; sourceTree = "<group>"; };
		52FFC2B02ACA45FA003CB37F /* footsteps.m4a */ = {isa = PBXFileReference; lastKnownFileType = file; path = footsteps.m4a; sourceTree = "<group>"; };
/* End PBXFileReference section */

/* Begin PBXFrameworksBuildPhase section */
		52EC86002AC2F7A6005B55C1 /* Frameworks */ = {
			isa = PBXFrameworksBuildPhase;
			buildActionMask = 2147483647;
			files = (
			);
			runOnlyForDeploymentPostprocessing = 0;
		};
		52EC86102AC2F7A7005B55C1 /* Frameworks */ = {
			isa = PBXFrameworksBuildPhase;
			buildActionMask = 2147483647;
			files = (
			);
			runOnlyForDeploymentPostprocessing = 0;
		};
		52EC861A2AC2F7A7005B55C1 /* Frameworks */ = {
			isa = PBXFrameworksBuildPhase;
			buildActionMask = 2147483647;
			files = (
			);
			runOnlyForDeploymentPostprocessing = 0;
		};
/* End PBXFrameworksBuildPhase section */

/* Begin PBXGroup section */
		52EC85FA2AC2F7A6005B55C1 = {
			isa = PBXGroup;
			children = (
				52EC86052AC2F7A6005B55C1 /* Gallery */,
				52EC86162AC2F7A7005B55C1 /* GalleryTests */,
				52EC86202AC2F7A7005B55C1 /* GalleryUITests */,
				52EC86042AC2F7A6005B55C1 /* Products */,
			);
			sourceTree = "<group>";
		};
		52EC86042AC2F7A6005B55C1 /* Products */ = {
			isa = PBXGroup;
			children = (
				52EC86032AC2F7A6005B55C1 /* GalleryGame.app */,
				52EC86132AC2F7A7005B55C1 /* GalleryTests.xctest */,
				52EC861D2AC2F7A7005B55C1 /* GalleryUITests.xctest */,
			);
			name = Products;
			sourceTree = "<group>";
		};
		52EC86052AC2F7A6005B55C1 /* Gallery */ = {
			isa = PBXGroup;
			children = (
				52FFC2AF2ACA45D4003CB37F /* Resources */,
				52EC867A2AC31383005B55C1 /* Objs */,
				52EC86062AC2F7A6005B55C1 /* GalleryApp.swift */,
				521B4A682AC70D3300E372C4 /* Main.swift */,
				52EC86082AC2F7A6005B55C1 /* ContentView.swift */,
				52EC86AE2AC3C638005B55C1 /* FPSController.swift */,
				52D244FC2AC4706C008E4A42 /* Renderer.swift */,
				521B4A3B2AC5235400E372C4 /* MapManager.swift */,
				521B4A3D2AC5A10900E372C4 /* InGameButton.swift */,
				521B4A412AC5AD8C00E372C4 /* ProfileModel.swift */,
				521B4A432AC5AE2400E372C4 /* ProfileImage.swift */,
				521B4A452AC5AE7400E372C4 /* Profile.swift */,
				52FFC2AD2AC7BD30003CB37F /* MapEditor.swift */,
				52EC860A2AC2F7A7005B55C1 /* Assets.xcassets */,
				52EC860C2AC2F7A7005B55C1 /* Preview Content */,
			);
			path = Gallery;
			sourceTree = "<group>";
		};
		52EC860C2AC2F7A7005B55C1 /* Preview Content */ = {
			isa = PBXGroup;
			children = (
				52EC860D2AC2F7A7005B55C1 /* Preview Assets.xcassets */,
			);
			path = "Preview Content";
			sourceTree = "<group>";
		};
		52EC86162AC2F7A7005B55C1 /* GalleryTests */ = {
			isa = PBXGroup;
			children = (
				52EC86172AC2F7A7005B55C1 /* GalleryTests.swift */,
			);
			path = GalleryTests;
			sourceTree = "<group>";
		};
		52EC86202AC2F7A7005B55C1 /* GalleryUITests */ = {
			isa = PBXGroup;
			children = (
				52EC86212AC2F7A7005B55C1 /* GalleryUITests.swift */,
				52EC86232AC2F7A7005B55C1 /* GalleryUITestsLaunchTests.swift */,
			);
			path = GalleryUITests;
			sourceTree = "<group>";
		};
		52EC867A2AC31383005B55C1 /* Objs */ = {
			isa = PBXGroup;
			children = (
				521B4A642AC7097900E372C4 /* quart.dae */,
				521B4A662AC709A000E372C4 /* quart.scn */,
				521B4A582AC6FF9E00E372C4 /* wall.scn */,
				521B4A4F2AC6F9CF00E372C4 /* frame_2.scn */,
				521B4A392AC5227100E372C4 /* map_2.scn */,
				521B4A4D2AC6F9BC00E372C4 /* frame.jpg */,
				521B4A5C2AC7037C00E372C4 /* images.jpeg */,
				521B4A5E2AC7074900E372C4 /* concrete.jpg */,
				521B4A602AC7086C00E372C4 /* checkers.png */,
				521B4A622AC7093400E372C4 /* roof.jpg */,
			);
			path = Objs;
			sourceTree = "<group>";
		};
		52FFC2AF2ACA45D4003CB37F /* Resources */ = {
			isa = PBXGroup;
			children = (
				52FFC2B02ACA45FA003CB37F /* footsteps.m4a */,
			);
			path = Resources;
			sourceTree = "<group>";
		};
/* End PBXGroup section */

/* Begin PBXNativeTarget section */
		52EC86022AC2F7A6005B55C1 /* Gallery */ = {
			isa = PBXNativeTarget;
			buildConfigurationList = 52EC86272AC2F7A7005B55C1 /* Build configuration list for PBXNativeTarget "Gallery" */;
			buildPhases = (
				52EC85FF2AC2F7A6005B55C1 /* Sources */,
				52EC86002AC2F7A6005B55C1 /* Frameworks */,
				52EC86012AC2F7A6005B55C1 /* Resources */,
			);
			buildRules = (
			);
			dependencies = (
			);
			name = Gallery;
			productName = Gallery;
			productReference = 52EC86032AC2F7A6005B55C1 /* GalleryGame.app */;
			productType = "com.apple.product-type.application";
		};
		52EC86122AC2F7A7005B55C1 /* GalleryTests */ = {
			isa = PBXNativeTarget;
			buildConfigurationList = 52EC862A2AC2F7A7005B55C1 /* Build configuration list for PBXNativeTarget "GalleryTests" */;
			buildPhases = (
				52EC860F2AC2F7A7005B55C1 /* Sources */,
				52EC86102AC2F7A7005B55C1 /* Frameworks */,
				52EC86112AC2F7A7005B55C1 /* Resources */,
			);
			buildRules = (
			);
			dependencies = (
				52EC86152AC2F7A7005B55C1 /* PBXTargetDependency */,
			);
			name = GalleryTests;
			productName = GalleryTests;
			productReference = 52EC86132AC2F7A7005B55C1 /* GalleryTests.xctest */;
			productType = "com.apple.product-type.bundle.unit-test";
		};
		52EC861C2AC2F7A7005B55C1 /* GalleryUITests */ = {
			isa = PBXNativeTarget;
			buildConfigurationList = 52EC862D2AC2F7A7005B55C1 /* Build configuration list for PBXNativeTarget "GalleryUITests" */;
			buildPhases = (
				52EC86192AC2F7A7005B55C1 /* Sources */,
				52EC861A2AC2F7A7005B55C1 /* Frameworks */,
				52EC861B2AC2F7A7005B55C1 /* Resources */,
			);
			buildRules = (
			);
			dependencies = (
				52EC861F2AC2F7A7005B55C1 /* PBXTargetDependency */,
			);
			name = GalleryUITests;
			productName = GalleryUITests;
			productReference = 52EC861D2AC2F7A7005B55C1 /* GalleryUITests.xctest */;
			productType = "com.apple.product-type.bundle.ui-testing";
		};
/* End PBXNativeTarget section */

/* Begin PBXProject section */
		52EC85FB2AC2F7A6005B55C1 /* Project object */ = {
			isa = PBXProject;
			attributes = {
				BuildIndependentTargetsInParallel = 1;
				LastSwiftUpdateCheck = 1430;
				LastUpgradeCheck = 1430;
				TargetAttributes = {
					52EC86022AC2F7A6005B55C1 = {
						CreatedOnToolsVersion = 14.3;
					};
					52EC86122AC2F7A7005B55C1 = {
						CreatedOnToolsVersion = 14.3;
						TestTargetID = 52EC86022AC2F7A6005B55C1;
					};
					52EC861C2AC2F7A7005B55C1 = {
						CreatedOnToolsVersion = 14.3;
						TestTargetID = 52EC86022AC2F7A6005B55C1;
					};
				};
			};
			buildConfigurationList = 52EC85FE2AC2F7A6005B55C1 /* Build configuration list for PBXProject "GalleryHorror" */;
			compatibilityVersion = "Xcode 14.0";
			developmentRegion = en;
			hasScannedForEncodings = 0;
			knownRegions = (
				en,
				Base,
			);
			mainGroup = 52EC85FA2AC2F7A6005B55C1;
			productRefGroup = 52EC86042AC2F7A6005B55C1 /* Products */;
			projectDirPath = "";
			projectRoot = "";
			targets = (
				52EC86022AC2F7A6005B55C1 /* Gallery */,
				52EC86122AC2F7A7005B55C1 /* GalleryTests */,
				52EC861C2AC2F7A7005B55C1 /* GalleryUITests */,
			);
		};
/* End PBXProject section */

/* Begin PBXResourcesBuildPhase section */
		52EC86012AC2F7A6005B55C1 /* Resources */ = {
			isa = PBXResourcesBuildPhase;
			buildActionMask = 2147483647;
			files = (
				521B4A3A2AC5227100E372C4 /* map_2.scn in Resources */,
				521B4A5F2AC7074900E372C4 /* concrete.jpg in Resources */,
				521B4A652AC7097900E372C4 /* quart.dae in Resources */,
				521B4A502AC6F9CF00E372C4 /* frame_2.scn in Resources */,
				521B4A5D2AC7037C00E372C4 /* images.jpeg in Resources */,
				521B4A632AC7093400E372C4 /* roof.jpg in Resources */,
				521B4A612AC7086C00E372C4 /* checkers.png in Resources */,
				521B4A592AC6FF9E00E372C4 /* wall.scn in Resources */,
				521B4A672AC709A000E372C4 /* quart.scn in Resources */,
				52EC860E2AC2F7A7005B55C1 /* Preview Assets.xcassets in Resources */,
				521B4A4E2AC6F9BC00E372C4 /* frame.jpg in Resources */,
				52EC860B2AC2F7A7005B55C1 /* Assets.xcassets in Resources */,
			);
			runOnlyForDeploymentPostprocessing = 0;
		};
		52EC86112AC2F7A7005B55C1 /* Resources */ = {
			isa = PBXResourcesBuildPhase;
			buildActionMask = 2147483647;
			files = (
			);
			runOnlyForDeploymentPostprocessing = 0;
		};
		52EC861B2AC2F7A7005B55C1 /* Resources */ = {
			isa = PBXResourcesBuildPhase;
			buildActionMask = 2147483647;
			files = (
			);
			runOnlyForDeploymentPostprocessing = 0;
		};
/* End PBXResourcesBuildPhase section */

/* Begin PBXSourcesBuildPhase section */
		52EC85FF2AC2F7A6005B55C1 /* Sources */ = {
			isa = PBXSourcesBuildPhase;
			buildActionMask = 2147483647;
			files = (
				521B4A692AC70D3300E372C4 /* Main.swift in Sources */,
				52D244FD2AC4706C008E4A42 /* Renderer.swift in Sources */,
				521B4A442AC5AE2400E372C4 /* ProfileImage.swift in Sources */,
				521B4A422AC5AD8C00E372C4 /* ProfileModel.swift in Sources */,
				521B4A3C2AC5235400E372C4 /* MapManager.swift in Sources */,
				52EC86AF2AC3C638005B55C1 /* FPSController.swift in Sources */,
				52EC86092AC2F7A6005B55C1 /* ContentView.swift in Sources */,
				52FFC2AE2AC7BD30003CB37F /* MapEditor.swift in Sources */,
				521B4A3E2AC5A10900E372C4 /* InGameButton.swift in Sources */,
				521B4A462AC5AE7400E372C4 /* Profile.swift in Sources */,
				52EC86072AC2F7A6005B55C1 /* GalleryApp.swift in Sources */,
			);
			runOnlyForDeploymentPostprocessing = 0;
		};
		52EC860F2AC2F7A7005B55C1 /* Sources */ = {
			isa = PBXSourcesBuildPhase;
			buildActionMask = 2147483647;
			files = (
				52EC86182AC2F7A7005B55C1 /* GalleryTests.swift in Sources */,
			);
			runOnlyForDeploymentPostprocessing = 0;
		};
		52EC86192AC2F7A7005B55C1 /* Sources */ = {
			isa = PBXSourcesBuildPhase;
			buildActionMask = 2147483647;
			files = (
				52EC86222AC2F7A7005B55C1 /* GalleryUITests.swift in Sources */,
				52EC86242AC2F7A7005B55C1 /* GalleryUITestsLaunchTests.swift in Sources */,
			);
			runOnlyForDeploymentPostprocessing = 0;
		};
/* End PBXSourcesBuildPhase section */

/* Begin PBXTargetDependency section */
		52EC86152AC2F7A7005B55C1 /* PBXTargetDependency */ = {
			isa = PBXTargetDependency;
			target = 52EC86022AC2F7A6005B55C1 /* Gallery */;
			targetProxy = 52EC86142AC2F7A7005B55C1 /* PBXContainerItemProxy */;
		};
		52EC861F2AC2F7A7005B55C1 /* PBXTargetDependency */ = {
			isa = PBXTargetDependency;
			target = 52EC86022AC2F7A6005B55C1 /* Gallery */;
			targetProxy = 52EC861E2AC2F7A7005B55C1 /* PBXContainerItemProxy */;
		};
/* End PBXTargetDependency section */

/* Begin XCBuildConfiguration section */
		52EC86252AC2F7A7005B55C1 /* Debug */ = {
			isa = XCBuildConfiguration;
			buildSettings = {
				ALWAYS_SEARCH_USER_PATHS = NO;
				CLANG_ANALYZER_NONNULL = YES;
				CLANG_ANALYZER_NUMBER_OBJECT_CONVERSION = YES_AGGRESSIVE;
				CLANG_CXX_LANGUAGE_STANDARD = "gnu++20";
				CLANG_ENABLE_MODULES = YES;
				CLANG_ENABLE_OBJC_ARC = YES;
				CLANG_ENABLE_OBJC_WEAK = YES;
				CLANG_WARN_BLOCK_CAPTURE_AUTORELEASING = YES;
				CLANG_WARN_BOOL_CONVERSION = YES;
				CLANG_WARN_COMMA = YES;
				CLANG_WARN_CONSTANT_CONVERSION = YES;
				CLANG_WARN_DEPRECATED_OBJC_IMPLEMENTATIONS = YES;
				CLANG_WARN_DIRECT_OBJC_ISA_USAGE = YES_ERROR;
				CLANG_WARN_DOCUMENTATION_COMMENTS = YES;
				CLANG_WARN_EMPTY_BODY = YES;
				CLANG_WARN_ENUM_CONVERSION = YES;
				CLANG_WARN_INFINITE_RECURSION = YES;
				CLANG_WARN_INT_CONVERSION = YES;
				CLANG_WARN_NON_LITERAL_NULL_CONVERSION = YES;
				CLANG_WARN_OBJC_IMPLICIT_RETAIN_SELF = YES;
				CLANG_WARN_OBJC_LITERAL_CONVERSION = YES;
				CLANG_WARN_OBJC_ROOT_CLASS = YES_ERROR;
				CLANG_WARN_QUOTED_INCLUDE_IN_FRAMEWORK_HEADER = YES;
				CLANG_WARN_RANGE_LOOP_ANALYSIS = YES;
				CLANG_WARN_STRICT_PROTOTYPES = YES;
				CLANG_WARN_SUSPICIOUS_MOVE = YES;
				CLANG_WARN_UNGUARDED_AVAILABILITY = YES_AGGRESSIVE;
				CLANG_WARN_UNREACHABLE_CODE = YES;
				CLANG_WARN__DUPLICATE_METHOD_MATCH = YES;
				COPY_PHASE_STRIP = NO;
				DEBUG_INFORMATION_FORMAT = dwarf;
				ENABLE_STRICT_OBJC_MSGSEND = YES;
				ENABLE_TESTABILITY = YES;
				GCC_C_LANGUAGE_STANDARD = gnu11;
				GCC_DYNAMIC_NO_PIC = NO;
				GCC_NO_COMMON_BLOCKS = YES;
				GCC_OPTIMIZATION_LEVEL = 0;
				GCC_PREPROCESSOR_DEFINITIONS = (
					"DEBUG=1",
					"$(inherited)",
				);
				GCC_WARN_64_TO_32_BIT_CONVERSION = YES;
				GCC_WARN_ABOUT_RETURN_TYPE = YES_ERROR;
				GCC_WARN_UNDECLARED_SELECTOR = YES;
				GCC_WARN_UNINITIALIZED_AUTOS = YES_AGGRESSIVE;
				GCC_WARN_UNUSED_FUNCTION = YES;
				GCC_WARN_UNUSED_VARIABLE = YES;
				IPHONEOS_DEPLOYMENT_TARGET = 16.4;
				MTL_ENABLE_DEBUG_INFO = INCLUDE_SOURCE;
				MTL_FAST_MATH = YES;
				ONLY_ACTIVE_ARCH = YES;
				SDKROOT = iphoneos;
				SWIFT_ACTIVE_COMPILATION_CONDITIONS = DEBUG;
				SWIFT_OPTIMIZATION_LEVEL = "-Onone";
			};
			name = Debug;
		};
		52EC86262AC2F7A7005B55C1 /* Release */ = {
			isa = XCBuildConfiguration;
			buildSettings = {
				ALWAYS_SEARCH_USER_PATHS = NO;
				CLANG_ANALYZER_NONNULL = YES;
				CLANG_ANALYZER_NUMBER_OBJECT_CONVERSION = YES_AGGRESSIVE;
				CLANG_CXX_LANGUAGE_STANDARD = "gnu++20";
				CLANG_ENABLE_MODULES = YES;
				CLANG_ENABLE_OBJC_ARC = YES;
				CLANG_ENABLE_OBJC_WEAK = YES;
				CLANG_WARN_BLOCK_CAPTURE_AUTORELEASING = YES;
				CLANG_WARN_BOOL_CONVERSION = YES;
				CLANG_WARN_COMMA = YES;
				CLANG_WARN_CONSTANT_CONVERSION = YES;
				CLANG_WARN_DEPRECATED_OBJC_IMPLEMENTATIONS = YES;
				CLANG_WARN_DIRECT_OBJC_ISA_USAGE = YES_ERROR;
				CLANG_WARN_DOCUMENTATION_COMMENTS = YES;
				CLANG_WARN_EMPTY_BODY = YES;
				CLANG_WARN_ENUM_CONVERSION = YES;
				CLANG_WARN_INFINITE_RECURSION = YES;
				CLANG_WARN_INT_CONVERSION = YES;
				CLANG_WARN_NON_LITERAL_NULL_CONVERSION = YES;
				CLANG_WARN_OBJC_IMPLICIT_RETAIN_SELF = YES;
				CLANG_WARN_OBJC_LITERAL_CONVERSION = YES;
				CLANG_WARN_OBJC_ROOT_CLASS = YES_ERROR;
				CLANG_WARN_QUOTED_INCLUDE_IN_FRAMEWORK_HEADER = YES;
				CLANG_WARN_RANGE_LOOP_ANALYSIS = YES;
				CLANG_WARN_STRICT_PROTOTYPES = YES;
				CLANG_WARN_SUSPICIOUS_MOVE = YES;
				CLANG_WARN_UNGUARDED_AVAILABILITY = YES_AGGRESSIVE;
				CLANG_WARN_UNREACHABLE_CODE = YES;
				CLANG_WARN__DUPLICATE_METHOD_MATCH = YES;
				COPY_PHASE_STRIP = NO;
				DEBUG_INFORMATION_FORMAT = "dwarf-with-dsym";
				ENABLE_NS_ASSERTIONS = NO;
				ENABLE_STRICT_OBJC_MSGSEND = YES;
				GCC_C_LANGUAGE_STANDARD = gnu11;
				GCC_NO_COMMON_BLOCKS = YES;
				GCC_WARN_64_TO_32_BIT_CONVERSION = YES;
				GCC_WARN_ABOUT_RETURN_TYPE = YES_ERROR;
				GCC_WARN_UNDECLARED_SELECTOR = YES;
				GCC_WARN_UNINITIALIZED_AUTOS = YES_AGGRESSIVE;
				GCC_WARN_UNUSED_FUNCTION = YES;
				GCC_WARN_UNUSED_VARIABLE = YES;
				IPHONEOS_DEPLOYMENT_TARGET = 16.4;
				MTL_ENABLE_DEBUG_INFO = NO;
				MTL_FAST_MATH = YES;
				PRODUCT_NAME = GalleryGame;
				SDKROOT = iphoneos;
				SWIFT_COMPILATION_MODE = wholemodule;
				SWIFT_OPTIMIZATION_LEVEL = "-O";
				VALIDATE_PRODUCT = YES;
			};
			name = Release;
		};
		52EC86282AC2F7A7005B55C1 /* Debug */ = {
			isa = XCBuildConfiguration;
			buildSettings = {
				ASSETCATALOG_COMPILER_APPICON_NAME = AppIcon;
				ASSETCATALOG_COMPILER_GLOBAL_ACCENT_COLOR_NAME = AccentColor;
				CODE_SIGN_STYLE = Automatic;
				CURRENT_PROJECT_VERSION = 1;
				DEVELOPMENT_ASSET_PATHS = "\"Gallery/Preview Content\"";
				DEVELOPMENT_TEAM = BUVM85N7NV;
				ENABLE_PREVIEWS = YES;
				GENERATE_INFOPLIST_FILE = YES;
				INFOPLIST_KEY_CFBundleDisplayName = GalleryOfHorrorsIsooGame;
				INFOPLIST_KEY_LSApplicationCategoryType = "public.app-category.adventure-games";
				INFOPLIST_KEY_UIApplicationSceneManifest_Generation = YES;
				INFOPLIST_KEY_UIApplicationSupportsIndirectInputEvents = YES;
				INFOPLIST_KEY_UILaunchScreen_Generation = YES;
				INFOPLIST_KEY_UISupportedInterfaceOrientations = UIInterfaceOrientationLandscapeRight;
				INFOPLIST_KEY_UISupportedInterfaceOrientations_iPad = "UIInterfaceOrientationLandscapeLeft UIInterfaceOrientationLandscapeRight UIInterfaceOrientationPortrait UIInterfaceOrientationPortraitUpsideDown";
				IPHONEOS_DEPLOYMENT_TARGET = 16.0;
				LD_RUNPATH_SEARCH_PATHS = (
					"$(inherited)",
					"@executable_path/Frameworks",
				);
				MARKETING_VERSION = 1.0;
				PRODUCT_BUNDLE_IDENTIFIER = com.myapp.galleryofcuriosities;
				PRODUCT_NAME = GalleryGame;
				SUPPORTED_PLATFORMS = "iphoneos iphonesimulator";
				SUPPORTS_MACCATALYST = NO;
				SUPPORTS_MAC_DESIGNED_FOR_IPHONE_IPAD = NO;
				SWIFT_EMIT_LOC_STRINGS = YES;
				SWIFT_VERSION = 5.0;
				TARGETED_DEVICE_FAMILY = 1;
			};
			name = Debug;
		};
		52EC86292AC2F7A7005B55C1 /* Release */ = {
			isa = XCBuildConfiguration;
			buildSettings = {
				ASSETCATALOG_COMPILER_APPICON_NAME = AppIcon;
				ASSETCATALOG_COMPILER_GLOBAL_ACCENT_COLOR_NAME = AccentColor;
				CODE_SIGN_STYLE = Automatic;
				CURRENT_PROJECT_VERSION = 1;
				DEVELOPMENT_ASSET_PATHS = "\"Gallery/Preview Content\"";
				DEVELOPMENT_TEAM = BUVM85N7NV;
				ENABLE_PREVIEWS = YES;
				GENERATE_INFOPLIST_FILE = YES;
				INFOPLIST_KEY_CFBundleDisplayName = GalleryOfHorrorsIsooGame;
				INFOPLIST_KEY_LSApplicationCategoryType = "public.app-category.adventure-games";
				INFOPLIST_KEY_UIApplicationSceneManifest_Generation = YES;
				INFOPLIST_KEY_UIApplicationSupportsIndirectInputEvents = YES;
				INFOPLIST_KEY_UILaunchScreen_Generation = YES;
				INFOPLIST_KEY_UISupportedInterfaceOrientations = UIInterfaceOrientationLandscapeRight;
				INFOPLIST_KEY_UISupportedInterfaceOrientations_iPad = "UIInterfaceOrientationLandscapeLeft UIInterfaceOrientationLandscapeRight UIInterfaceOrientationPortrait UIInterfaceOrientationPortraitUpsideDown";
				IPHONEOS_DEPLOYMENT_TARGET = 16.0;
				LD_RUNPATH_SEARCH_PATHS = (
					"$(inherited)",
					"@executable_path/Frameworks",
				);
				MARKETING_VERSION = 1.0;
				PRODUCT_BUNDLE_IDENTIFIER = com.myapp.galleryofcuriosities;
				PRODUCT_NAME = GalleryGame;
				SUPPORTED_PLATFORMS = "iphoneos iphonesimulator";
				SUPPORTS_MACCATALYST = NO;
				SUPPORTS_MAC_DESIGNED_FOR_IPHONE_IPAD = NO;
				SWIFT_EMIT_LOC_STRINGS = YES;
				SWIFT_VERSION = 5.0;
				TARGETED_DEVICE_FAMILY = 1;
			};
			name = Release;
		};
		52EC862B2AC2F7A7005B55C1 /* Debug */ = {
			isa = XCBuildConfiguration;
			buildSettings = {
				ALWAYS_EMBED_SWIFT_STANDARD_LIBRARIES = YES;
				BUNDLE_LOADER = "$(TEST_HOST)";
				CODE_SIGN_STYLE = Automatic;
				CURRENT_PROJECT_VERSION = 1;
				DEVELOPMENT_TEAM = BUVM85N7NV;
				GENERATE_INFOPLIST_FILE = YES;
				IPHONEOS_DEPLOYMENT_TARGET = 16.4;
				MARKETING_VERSION = 1.0;
				PRODUCT_BUNDLE_IDENTIFIER = None.GalleryTests;
				PRODUCT_NAME = "$(TARGET_NAME)";
				SWIFT_EMIT_LOC_STRINGS = NO;
				SWIFT_VERSION = 5.0;
				TARGETED_DEVICE_FAMILY = "1,2";
				TEST_HOST = "$(BUILT_PRODUCTS_DIR)/Gallery.app/$(BUNDLE_EXECUTABLE_FOLDER_PATH)/Gallery";
			};
			name = Debug;
		};
		52EC862C2AC2F7A7005B55C1 /* Release */ = {
			isa = XCBuildConfiguration;
			buildSettings = {
				ALWAYS_EMBED_SWIFT_STANDARD_LIBRARIES = YES;
				BUNDLE_LOADER = "$(TEST_HOST)";
				CODE_SIGN_STYLE = Automatic;
				CURRENT_PROJECT_VERSION = 1;
				DEVELOPMENT_TEAM = BUVM85N7NV;
				GENERATE_INFOPLIST_FILE = YES;
				IPHONEOS_DEPLOYMENT_TARGET = 16.4;
				MARKETING_VERSION = 1.0;
				PRODUCT_BUNDLE_IDENTIFIER = None.GalleryTests;
				PRODUCT_NAME = "$(TARGET_NAME)";
				SWIFT_EMIT_LOC_STRINGS = NO;
				SWIFT_VERSION = 5.0;
				TARGETED_DEVICE_FAMILY = "1,2";
				TEST_HOST = "$(BUILT_PRODUCTS_DIR)/Gallery.app/$(BUNDLE_EXECUTABLE_FOLDER_PATH)/Gallery";
			};
			name = Release;
		};
		52EC862E2AC2F7A7005B55C1 /* Debug */ = {
			isa = XCBuildConfiguration;
			buildSettings = {
				ALWAYS_EMBED_SWIFT_STANDARD_LIBRARIES = YES;
				CODE_SIGN_STYLE = Automatic;
				CURRENT_PROJECT_VERSION = 1;
				DEVELOPMENT_TEAM = BUVM85N7NV;
				GENERATE_INFOPLIST_FILE = YES;
				MARKETING_VERSION = 1.0;
				PRODUCT_BUNDLE_IDENTIFIER = None.GalleryUITests;
				PRODUCT_NAME = "$(TARGET_NAME)";
				SWIFT_EMIT_LOC_STRINGS = NO;
				SWIFT_VERSION = 5.0;
				TARGETED_DEVICE_FAMILY = "1,2";
				TEST_TARGET_NAME = Gallery;
			};
			name = Debug;
		};
		52EC862F2AC2F7A7005B55C1 /* Release */ = {
			isa = XCBuildConfiguration;
			buildSettings = {
				ALWAYS_EMBED_SWIFT_STANDARD_LIBRARIES = YES;
				CODE_SIGN_STYLE = Automatic;
				CURRENT_PROJECT_VERSION = 1;
				DEVELOPMENT_TEAM = BUVM85N7NV;
				GENERATE_INFOPLIST_FILE = YES;
				MARKETING_VERSION = 1.0;
				PRODUCT_BUNDLE_IDENTIFIER = None.GalleryUITests;
				PRODUCT_NAME = "$(TARGET_NAME)";
				SWIFT_EMIT_LOC_STRINGS = NO;
				SWIFT_VERSION = 5.0;
				TARGETED_DEVICE_FAMILY = "1,2";
				TEST_TARGET_NAME = Gallery;
			};
			name = Release;
		};
/* End XCBuildConfiguration section */

/* Begin XCConfigurationList section */
		52EC85FE2AC2F7A6005B55C1 /* Build configuration list for PBXProject "GalleryHorror" */ = {
			isa = XCConfigurationList;
			buildConfigurations = (
				52EC86252AC2F7A7005B55C1 /* Debug */,
				52EC86262AC2F7A7005B55C1 /* Release */,
			);
			defaultConfigurationIsVisible = 0;
			defaultConfigurationName = Release;
		};
		52EC86272AC2F7A7005B55C1 /* Build configuration list for PBXNativeTarget "Gallery" */ = {
			isa = XCConfigurationList;
			buildConfigurations = (
				52EC86282AC2F7A7005B55C1 /* Debug */,
				52EC86292AC2F7A7005B55C1 /* Release */,
			);
			defaultConfigurationIsVisible = 0;
			defaultConfigurationName = Release;
		};
		52EC862A2AC2F7A7005B55C1 /* Build configuration list for PBXNativeTarget "GalleryTests" */ = {
			isa = XCConfigurationList;
			buildConfigurations = (
				52EC862B2AC2F7A7005B55C1 /* Debug */,
				52EC862C2AC2F7A7005B55C1 /* Release */,
			);
			defaultConfigurationIsVisible = 0;
			defaultConfigurationName = Release;
		};
		52EC862D2AC2F7A7005B55C1 /* Build configuration list for PBXNativeTarget "GalleryUITests" */ = {
			isa = XCConfigurationList;
			buildConfigurations = (
				52EC862E2AC2F7A7005B55C1 /* Debug */,
				52EC862F2AC2F7A7005B55C1 /* Release */,
			);
			defaultConfigurationIsVisible = 0;
			defaultConfigurationName = Release;
		};
/* End XCConfigurationList section */
	};
	rootObject = 52EC85FB2AC2F7A6005B55C1 /* Project object */;
}
